
Microsoft Visual Studio Solution File, Format Version 12.00
# Visual Studio 15
VisualStudioVersion = 15.0.27130.2027
MinimumVisualStudioVersion = 10.0.40219.1
Project("{FAE04EC0-301F-11D3-BF4B-00C04F79EFBC}") = "ducks", "ducks\ducks.csproj", "{B7282C9C-12DD-4035-A28F-827C331E9E73}"
EndProject
Project("{FAE04EC0-301F-11D3-BF4B-00C04F79EFBC}") = "lab_1_1", "lab_1_1\lab_1_1.csproj", "{EC454E8A-ABEA-4311-9E6D-1CD85E4A2197}"
EndProject
Project("{FAE04EC0-301F-11D3-BF4B-00C04F79EFBC}") = "lab_1_2", "lab_1_2\lab_1_2.csproj", "{256E31EB-380D-4B04-9CD1-C4BEBCCEE4A5}"
EndProject
Project("{FAE04EC0-301F-11D3-BF4B-00C04F79EFBC}") = "ducks_functional", "ducks_functional\ducks_functional.csproj", "{DAC116EF-CDBC-4DAB-A3E9-E9DB07326180}"
EndProject
Project("{FAE04EC0-301F-11D3-BF4B-00C04F79EFBC}") = "lab_1_3", "lab_1_3\lab_1_3.csproj", "{A541123E-8206-44D3-BE10-949A80AB90A1}"
EndProject
Global
	GlobalSection(SolutionConfigurationPlatforms) = preSolution
		Debug|Any CPU = Debug|Any CPU
		Release|Any CPU = Release|Any CPU
	EndGlobalSection
	GlobalSection(ProjectConfigurationPlatforms) = postSolution
		{B7282C9C-12DD-4035-A28F-827C331E9E73}.Debug|Any CPU.ActiveCfg = Debug|Any CPU
		{B7282C9C-12DD-4035-A28F-827C331E9E73}.Debug|Any CPU.Build.0 = Debug|Any CPU
		{B7282C9C-12DD-4035-A28F-827C331E9E73}.Release|Any CPU.ActiveCfg = Release|Any CPU
		{B7282C9C-12DD-4035-A28F-827C331E9E73}.Release|Any CPU.Build.0 = Release|Any CPU
		{EC454E8A-ABEA-4311-9E6D-1CD85E4A2197}.Debug|Any CPU.ActiveCfg = Debug|Any CPU
		{EC454E8A-ABEA-4311-9E6D-1CD85E4A2197}.Debug|Any CPU.Build.0 = Debug|Any CPU
		{EC454E8A-ABEA-4311-9E6D-1CD85E4A2197}.Release|Any CPU.ActiveCfg = Release|Any CPU
		{EC454E8A-ABEA-4311-9E6D-1CD85E4A2197}.Release|Any CPU.Build.0 = Release|Any CPU
		{256E31EB-380D-4B04-9CD1-C4BEBCCEE4A5}.Debug|Any CPU.ActiveCfg = Debug|Any CPU
		{256E31EB-380D-4B04-9CD1-C4BEBCCEE4A5}.Debug|Any CPU.Build.0 = Debug|Any CPU
		{256E31EB-380D-4B04-9CD1-C4BEBCCEE4A5}.Release|Any CPU.ActiveCfg = Release|Any CPU
		{256E31EB-380D-4B04-9CD1-C4BEBCCEE4A5}.Release|Any CPU.Build.0 = Release|Any CPU
		{DAC116EF-CDBC-4DAB-A3E9-E9DB07326180}.Debug|Any CPU.ActiveCfg = Debug|Any CPU
		{DAC116EF-CDBC-4DAB-A3E9-E9DB07326180}.Debug|Any CPU.Build.0 = Debug|Any CPU
		{DAC116EF-CDBC-4DAB-A3E9-E9DB07326180}.Release|Any CPU.ActiveCfg = Release|Any CPU
		{DAC116EF-CDBC-4DAB-A3E9-E9DB07326180}.Release|Any CPU.Build.0 = Release|Any CPU
		{A541123E-8206-44D3-BE10-949A80AB90A1}.Debug|Any CPU.ActiveCfg = Debug|Any CPU
		{A541123E-8206-44D3-BE10-949A80AB90A1}.Debug|Any CPU.Build.0 = Debug|Any CPU
		{A541123E-8206-44D3-BE10-949A80AB90A1}.Release|Any CPU.ActiveCfg = Release|Any CPU
		{A541123E-8206-44D3-BE10-949A80AB90A1}.Release|Any CPU.Build.0 = Release|Any CPU
	EndGlobalSection
	GlobalSection(SolutionProperties) = preSolution
		HideSolutionNode = FALSE
	EndGlobalSection
	GlobalSection(ExtensibilityGlobals) = postSolution
		SolutionGuid = {E017917F-E058-4889-8B92-E81BE6F42FB5}
	EndGlobalSection
EndGlobal
